// !$*UTF8*$!
{
	archiveVersion = 1;
	classes = {
	};
	objectVersion = 50;
	objects = {

/* Begin PBXBuildFile section */
		59C8219123FF9E320029554F /* TodoStatus.swift in Sources */ = {isa = PBXBuildFile; fileRef = 59C8219023FF9E320029554F /* TodoStatus.swift */; };
		59C8219323FF9E540029554F /* Todo.swift in Sources */ = {isa = PBXBuildFile; fileRef = 59C8219223FF9E540029554F /* Todo.swift */; };
		59C8219523FF9E630029554F /* TodoList.swift in Sources */ = {isa = PBXBuildFile; fileRef = 59C8219423FF9E630029554F /* TodoList.swift */; };
		59C8219723FF9E890029554F /* Viewcontroller+UISearchDelegate.swift in Sources */ = {isa = PBXBuildFile; fileRef = 59C8219623FF9E890029554F /* Viewcontroller+UISearchDelegate.swift */; };
		59C8219923FF9EB00029554F /* ViewController+DargDropDelegate.swift in Sources */ = {isa = PBXBuildFile; fileRef = 59C8219823FF9EB00029554F /* ViewController+DargDropDelegate.swift */; };
		59C8219B23FF9EC20029554F /* Datasource.swift in Sources */ = {isa = PBXBuildFile; fileRef = 59C8219A23FF9EC20029554F /* Datasource.swift */; };
		59C8219F23FFA0EB0029554F /* TableViewCell.swift in Sources */ = {isa = PBXBuildFile; fileRef = 59C8219E23FFA0EB0029554F /* TableViewCell.swift */; };
		59CF07B323FE85A300A9C738 /* AppDelegate.swift in Sources */ = {isa = PBXBuildFile; fileRef = 59CF07B223FE85A300A9C738 /* AppDelegate.swift */; };
		59CF07B523FE85A300A9C738 /* SceneDelegate.swift in Sources */ = {isa = PBXBuildFile; fileRef = 59CF07B423FE85A300A9C738 /* SceneDelegate.swift */; };
		59CF07B723FE85A300A9C738 /* ViewController.swift in Sources */ = {isa = PBXBuildFile; fileRef = 59CF07B623FE85A300A9C738 /* ViewController.swift */; };
		59CF07BA23FE85A300A9C738 /* Main.storyboard in Resources */ = {isa = PBXBuildFile; fileRef = 59CF07B823FE85A300A9C738 /* Main.storyboard */; };
		59CF07BC23FE85A400A9C738 /* Assets.xcassets in Resources */ = {isa = PBXBuildFile; fileRef = 59CF07BB23FE85A400A9C738 /* Assets.xcassets */; };
		59CF07BF23FE85A400A9C738 /* LaunchScreen.storyboard in Resources */ = {isa = PBXBuildFile; fileRef = 59CF07BD23FE85A400A9C738 /* LaunchScreen.storyboard */; };
		59CF07CA23FE85A400A9C738 /* TodoTests.swift in Sources */ = {isa = PBXBuildFile; fileRef = 59CF07C923FE85A400A9C738 /* TodoTests.swift */; };
		59CF07D523FE85A400A9C738 /* TodoUITests.swift in Sources */ = {isa = PBXBuildFile; fileRef = 59CF07D423FE85A400A9C738 /* TodoUITests.swift */; };
/* End PBXBuildFile section */

/* Begin PBXContainerItemProxy section */
		59CF07C623FE85A400A9C738 /* PBXContainerItemProxy */ = {
			isa = PBXContainerItemProxy;
			containerPortal = 59CF07A723FE85A300A9C738 /* Project object */;
			proxyType = 1;
			remoteGlobalIDString = 59CF07AE23FE85A300A9C738;
			remoteInfo = Todo;
		};
		59CF07D123FE85A400A9C738 /* PBXContainerItemProxy */ = {
			isa = PBXContainerItemProxy;
			containerPortal = 59CF07A723FE85A300A9C738 /* Project object */;
			proxyType = 1;
			remoteGlobalIDString = 59CF07AE23FE85A300A9C738;
			remoteInfo = Todo;
		};
/* End PBXContainerItemProxy section */

/* Begin PBXFileReference section */
		59C8219023FF9E320029554F /* TodoStatus.swift */ = {isa = PBXFileReference; lastKnownFileType = sourcecode.swift; path = TodoStatus.swift; sourceTree = "<group>"; };
		59C8219223FF9E540029554F /* Todo.swift */ = {isa = PBXFileReference; lastKnownFileType = sourcecode.swift; path = Todo.swift; sourceTree = "<group>"; };
		59C8219423FF9E630029554F /* TodoList.swift */ = {isa = PBXFileReference; lastKnownFileType = sourcecode.swift; path = TodoList.swift; sourceTree = "<group>"; };
		59C8219623FF9E890029554F /* Viewcontroller+UISearchDelegate.swift */ = {isa = PBXFileReference; lastKnownFileType = sourcecode.swift; path = "Viewcontroller+UISearchDelegate.swift"; sourceTree = "<group>"; };
		59C8219823FF9EB00029554F /* ViewController+DargDropDelegate.swift */ = {isa = PBXFileReference; lastKnownFileType = sourcecode.swift; path = "ViewController+DargDropDelegate.swift"; sourceTree = "<group>"; };
		59C8219A23FF9EC20029554F /* Datasource.swift */ = {isa = PBXFileReference; lastKnownFileType = sourcecode.swift; path = Datasource.swift; sourceTree = "<group>"; };
		59C8219E23FFA0EB0029554F /* TableViewCell.swift */ = {isa = PBXFileReference; lastKnownFileType = sourcecode.swift; path = TableViewCell.swift; sourceTree = "<group>"; };
		59CF07AF23FE85A300A9C738 /* Todo.app */ = {isa = PBXFileReference; explicitFileType = wrapper.application; includeInIndex = 0; path = Todo.app; sourceTree = BUILT_PRODUCTS_DIR; };
		59CF07B223FE85A300A9C738 /* AppDelegate.swift */ = {isa = PBXFileReference; lastKnownFileType = sourcecode.swift; path = AppDelegate.swift; sourceTree = "<group>"; };
		59CF07B423FE85A300A9C738 /* SceneDelegate.swift */ = {isa = PBXFileReference; lastKnownFileType = sourcecode.swift; path = SceneDelegate.swift; sourceTree = "<group>"; };
		59CF07B623FE85A300A9C738 /* ViewController.swift */ = {isa = PBXFileReference; lastKnownFileType = sourcecode.swift; path = ViewController.swift; sourceTree = "<group>"; };
		59CF07B923FE85A300A9C738 /* Base */ = {isa = PBXFileReference; lastKnownFileType = file.storyboard; name = Base; path = Base.lproj/Main.storyboard; sourceTree = "<group>"; };
		59CF07BB23FE85A400A9C738 /* Assets.xcassets */ = {isa = PBXFileReference; lastKnownFileType = folder.assetcatalog; path = Assets.xcassets; sourceTree = "<group>"; };
		59CF07BE23FE85A400A9C738 /* Base */ = {isa = PBXFileReference; lastKnownFileType = file.storyboard; name = Base; path = Base.lproj/LaunchScreen.storyboard; sourceTree = "<group>"; };
		59CF07C023FE85A400A9C738 /* Info.plist */ = {isa = PBXFileReference; lastKnownFileType = text.plist.xml; path = Info.plist; sourceTree = "<group>"; };
		59CF07C523FE85A400A9C738 /* TodoTests.xctest */ = {isa = PBXFileReference; explicitFileType = wrapper.cfbundle; includeInIndex = 0; path = TodoTests.xctest; sourceTree = BUILT_PRODUCTS_DIR; };
		59CF07C923FE85A400A9C738 /* TodoTests.swift */ = {isa = PBXFileReference; lastKnownFileType = sourcecode.swift; path = TodoTests.swift; sourceTree = "<group>"; };
		59CF07CB23FE85A400A9C738 /* Info.plist */ = {isa = PBXFileReference; lastKnownFileType = text.plist.xml; path = Info.plist; sourceTree = "<group>"; };
		59CF07D023FE85A400A9C738 /* TodoUITests.xctest */ = {isa = PBXFileReference; explicitFileType = wrapper.cfbundle; includeInIndex = 0; path = TodoUITests.xctest; sourceTree = BUILT_PRODUCTS_DIR; };
		59CF07D423FE85A400A9C738 /* TodoUITests.swift */ = {isa = PBXFileReference; lastKnownFileType = sourcecode.swift; path = TodoUITests.swift; sourceTree = "<group>"; };
		59CF07D623FE85A400A9C738 /* Info.plist */ = {isa = PBXFileReference; lastKnownFileType = text.plist.xml; path = Info.plist; sourceTree = "<group>"; };
/* End PBXFileReference section */

/* Begin PBXFrameworksBuildPhase section */
		59CF07AC23FE85A300A9C738 /* Frameworks */ = {
			isa = PBXFrameworksBuildPhase;
			buildActionMask = 2147483647;
			files = (
			);
			runOnlyForDeploymentPostprocessing = 0;
		};
		59CF07C223FE85A400A9C738 /* Frameworks */ = {
			isa = PBXFrameworksBuildPhase;
			buildActionMask = 2147483647;
			files = (
			);
			runOnlyForDeploymentPostprocessing = 0;
		};
		59CF07CD23FE85A400A9C738 /* Frameworks */ = {
			isa = PBXFrameworksBuildPhase;
			buildActionMask = 2147483647;
			files = (
			);
			runOnlyForDeploymentPostprocessing = 0;
		};
/* End PBXFrameworksBuildPhase section */

/* Begin PBXGroup section */
		59C8219C23FFA06D0029554F /* VC */ = {
			isa = PBXGroup;
			children = (
				59CF07B623FE85A300A9C738 /* ViewController.swift */,
				59C8219E23FFA0EB0029554F /* TableViewCell.swift */,
				59C8219623FF9E890029554F /* Viewcontroller+UISearchDelegate.swift */,
				59C8219823FF9EB00029554F /* ViewController+DargDropDelegate.swift */,
			);
			path = VC;
			sourceTree = "<group>";
		};
		59C8219D23FFA07B0029554F /* Model */ = {
			isa = PBXGroup;
			children = (
				59C8219A23FF9EC20029554F /* Datasource.swift */,
				59C8219023FF9E320029554F /* TodoStatus.swift */,
				59C8219223FF9E540029554F /* Todo.swift */,
				59C8219423FF9E630029554F /* TodoList.swift */,
			);
			path = Model;
			sourceTree = "<group>";
		};
		59CF07A623FE85A300A9C738 = {
			isa = PBXGroup;
			children = (
				59CF07B123FE85A300A9C738 /* Todo */,
				59CF07C823FE85A400A9C738 /* TodoTests */,
				59CF07D323FE85A400A9C738 /* TodoUITests */,
				59CF07B023FE85A300A9C738 /* Products */,
			);
			sourceTree = "<group>";
		};
		59CF07B023FE85A300A9C738 /* Products */ = {
			isa = PBXGroup;
			children = (
				59CF07AF23FE85A300A9C738 /* Todo.app */,
				59CF07C523FE85A400A9C738 /* TodoTests.xctest */,
				59CF07D023FE85A400A9C738 /* TodoUITests.xctest */,
			);
			name = Products;
			sourceTree = "<group>";
		};
		59CF07B123FE85A300A9C738 /* Todo */ = {
			isa = PBXGroup;
			children = (
				59C8219C23FFA06D0029554F /* VC */,
				59C8219D23FFA07B0029554F /* Model */,
				59CF07B223FE85A300A9C738 /* AppDelegate.swift */,
				59CF07B423FE85A300A9C738 /* SceneDelegate.swift */,
				59CF07B823FE85A300A9C738 /* Main.storyboard */,
				59CF07BB23FE85A400A9C738 /* Assets.xcassets */,
				59CF07BD23FE85A400A9C738 /* LaunchScreen.storyboard */,
				59CF07C023FE85A400A9C738 /* Info.plist */,
			);
			path = Todo;
			sourceTree = "<group>";
		};
		59CF07C823FE85A400A9C738 /* TodoTests */ = {
			isa = PBXGroup;
			children = (
				59CF07C923FE85A400A9C738 /* TodoTests.swift */,
				59CF07CB23FE85A400A9C738 /* Info.plist */,
			);
			path = TodoTests;
			sourceTree = "<group>";
		};
		59CF07D323FE85A400A9C738 /* TodoUITests */ = {
			isa = PBXGroup;
			children = (
				59CF07D423FE85A400A9C738 /* TodoUITests.swift */,
				59CF07D623FE85A400A9C738 /* Info.plist */,
			);
			path = TodoUITests;
			sourceTree = "<group>";
		};
/* End PBXGroup section */

/* Begin PBXNativeTarget section */
		59CF07AE23FE85A300A9C738 /* Todo */ = {
			isa = PBXNativeTarget;
			buildConfigurationList = 59CF07D923FE85A400A9C738 /* Build configuration list for PBXNativeTarget "Todo" */;
			buildPhases = (
				59CF07AB23FE85A300A9C738 /* Sources */,
				59CF07AC23FE85A300A9C738 /* Frameworks */,
				59CF07AD23FE85A300A9C738 /* Resources */,
			);
			buildRules = (
			);
			dependencies = (
			);
			name = Todo;
			productName = Todo;
			productReference = 59CF07AF23FE85A300A9C738 /* Todo.app */;
			productType = "com.apple.product-type.application";
		};
		59CF07C423FE85A400A9C738 /* TodoTests */ = {
			isa = PBXNativeTarget;
			buildConfigurationList = 59CF07DC23FE85A400A9C738 /* Build configuration list for PBXNativeTarget "TodoTests" */;
			buildPhases = (
				59CF07C123FE85A400A9C738 /* Sources */,
				59CF07C223FE85A400A9C738 /* Frameworks */,
				59CF07C323FE85A400A9C738 /* Resources */,
			);
			buildRules = (
			);
			dependencies = (
				59CF07C723FE85A400A9C738 /* PBXTargetDependency */,
			);
			name = TodoTests;
			productName = TodoTests;
			productReference = 59CF07C523FE85A400A9C738 /* TodoTests.xctest */;
			productType = "com.apple.product-type.bundle.unit-test";
		};
		59CF07CF23FE85A400A9C738 /* TodoUITests */ = {
			isa = PBXNativeTarget;
			buildConfigurationList = 59CF07DF23FE85A400A9C738 /* Build configuration list for PBXNativeTarget "TodoUITests" */;
			buildPhases = (
				59CF07CC23FE85A400A9C738 /* Sources */,
				59CF07CD23FE85A400A9C738 /* Frameworks */,
				59CF07CE23FE85A400A9C738 /* Resources */,
			);
			buildRules = (
			);
			dependencies = (
				59CF07D223FE85A400A9C738 /* PBXTargetDependency */,
			);
			name = TodoUITests;
			productName = TodoUITests;
			productReference = 59CF07D023FE85A400A9C738 /* TodoUITests.xctest */;
			productType = "com.apple.product-type.bundle.ui-testing";
		};
/* End PBXNativeTarget section */

/* Begin PBXProject section */
		59CF07A723FE85A300A9C738 /* Project object */ = {
			isa = PBXProject;
			attributes = {
				LastSwiftUpdateCheck = 1120;
				LastUpgradeCheck = 1120;
				ORGANIZATIONNAME = "Muhannad Alnemer";
				TargetAttributes = {
					59CF07AE23FE85A300A9C738 = {
						CreatedOnToolsVersion = 11.2.1;
					};
					59CF07C423FE85A400A9C738 = {
						CreatedOnToolsVersion = 11.2.1;
						TestTargetID = 59CF07AE23FE85A300A9C738;
					};
					59CF07CF23FE85A400A9C738 = {
						CreatedOnToolsVersion = 11.2.1;
						TestTargetID = 59CF07AE23FE85A300A9C738;
					};
				};
			};
			buildConfigurationList = 59CF07AA23FE85A300A9C738 /* Build configuration list for PBXProject "Todo" */;
			compatibilityVersion = "Xcode 9.3";
			developmentRegion = en;
			hasScannedForEncodings = 0;
			knownRegions = (
				en,
				Base,
			);
			mainGroup = 59CF07A623FE85A300A9C738;
			productRefGroup = 59CF07B023FE85A300A9C738 /* Products */;
			projectDirPath = "";
			projectRoot = "";
			targets = (
				59CF07AE23FE85A300A9C738 /* Todo */,
				59CF07C423FE85A400A9C738 /* TodoTests */,
				59CF07CF23FE85A400A9C738 /* TodoUITests */,
			);
		};
/* End PBXProject section */

/* Begin PBXResourcesBuildPhase section */
		59CF07AD23FE85A300A9C738 /* Resources */ = {
			isa = PBXResourcesBuildPhase;
			buildActionMask = 2147483647;
			files = (
				59CF07BF23FE85A400A9C738 /* LaunchScreen.storyboard in Resources */,
				59CF07BC23FE85A400A9C738 /* Assets.xcassets in Resources */,
				59CF07BA23FE85A300A9C738 /* Main.storyboard in Resources */,
			);
			runOnlyForDeploymentPostprocessing = 0;
		};
		59CF07C323FE85A400A9C738 /* Resources */ = {
			isa = PBXResourcesBuildPhase;
			buildActionMask = 2147483647;
			files = (
			);
			runOnlyForDeploymentPostprocessing = 0;
		};
		59CF07CE23FE85A400A9C738 /* Resources */ = {
			isa = PBXResourcesBuildPhase;
			buildActionMask = 2147483647;
			files = (
			);
			runOnlyForDeploymentPostprocessing = 0;
		};
/* End PBXResourcesBuildPhase section */

/* Begin PBXSourcesBuildPhase section */
		59CF07AB23FE85A300A9C738 /* Sources */ = {
			isa = PBXSourcesBuildPhase;
			buildActionMask = 2147483647;
			files = (
				59C8219923FF9EB00029554F /* ViewController+DargDropDelegate.swift in Sources */,
				59CF07B723FE85A300A9C738 /* ViewController.swift in Sources */,
				59C8219123FF9E320029554F /* TodoStatus.swift in Sources */,
				59C8219B23FF9EC20029554F /* Datasource.swift in Sources */,
				59CF07B323FE85A300A9C738 /* AppDelegate.swift in Sources */,
				59C8219F23FFA0EB0029554F /* TableViewCell.swift in Sources */,
				59C8219723FF9E890029554F /* Viewcontroller+UISearchDelegate.swift in Sources */,
				59C8219523FF9E630029554F /* TodoList.swift in Sources */,
				59CF07B523FE85A300A9C738 /* SceneDelegate.swift in Sources */,
				59C8219323FF9E540029554F /* Todo.swift in Sources */,
			);
			runOnlyForDeploymentPostprocessing = 0;
		};
		59CF07C123FE85A400A9C738 /* Sources */ = {
			isa = PBXSourcesBuildPhase;
			buildActionMask = 2147483647;
			files = (
				59CF07CA23FE85A400A9C738 /* TodoTests.swift in Sources */,
			);
			runOnlyForDeploymentPostprocessing = 0;
		};
		59CF07CC23FE85A400A9C738 /* Sources */ = {
			isa = PBXSourcesBuildPhase;
			buildActionMask = 2147483647;
			files = (
				59CF07D523FE85A400A9C738 /* TodoUITests.swift in Sources */,
			);
			runOnlyForDeploymentPostprocessing = 0;
		};
/* End PBXSourcesBuildPhase section */

/* Begin PBXTargetDependency section */
		59CF07C723FE85A400A9C738 /* PBXTargetDependency */ = {
			isa = PBXTargetDependency;
			target = 59CF07AE23FE85A300A9C738 /* Todo */;
			targetProxy = 59CF07C623FE85A400A9C738 /* PBXContainerItemProxy */;
		};
		59CF07D223FE85A400A9C738 /* PBXTargetDependency */ = {
			isa = PBXTargetDependency;
			target = 59CF07AE23FE85A300A9C738 /* Todo */;
			targetProxy = 59CF07D123FE85A400A9C738 /* PBXContainerItemProxy */;
		};
/* End PBXTargetDependency section */

/* Begin PBXVariantGroup section */
		59CF07B823FE85A300A9C738 /* Main.storyboard */ = {
			isa = PBXVariantGroup;
			children = (
				59CF07B923FE85A300A9C738 /* Base */,
			);
			name = Main.storyboard;
			sourceTree = "<group>";
		};
		59CF07BD23FE85A400A9C738 /* LaunchScreen.storyboard */ = {
			isa = PBXVariantGroup;
			children = (
				59CF07BE23FE85A400A9C738 /* Base */,
			);
			name = LaunchScreen.storyboard;
			sourceTree = "<group>";
		};
/* End PBXVariantGroup section */

/* Begin XCBuildConfiguration section */
		59CF07D723FE85A400A9C738 /* Debug */ = {
			isa = XCBuildConfiguration;
			buildSettings = {
				ALWAYS_SEARCH_USER_PATHS = NO;
				CLANG_ANALYZER_NONNULL = YES;
				CLANG_ANALYZER_NUMBER_OBJECT_CONVERSION = YES_AGGRESSIVE;
				CLANG_CXX_LANGUAGE_STANDARD = "gnu++14";
				CLANG_CXX_LIBRARY = "libc++";
				CLANG_ENABLE_MODULES = YES;
				CLANG_ENABLE_OBJC_ARC = YES;
				CLANG_ENABLE_OBJC_WEAK = YES;
				CLANG_WARN_BLOCK_CAPTURE_AUTORELEASING = YES;
				CLANG_WARN_BOOL_CONVERSION = YES;
				CLANG_WARN_COMMA = YES;
				CLANG_WARN_CONSTANT_CONVERSION = YES;
				CLANG_WARN_DEPRECATED_OBJC_IMPLEMENTATIONS = YES;
				CLANG_WARN_DIRECT_OBJC_ISA_USAGE = YES_ERROR;
				CLANG_WARN_DOCUMENTATION_COMMENTS = YES;
				CLANG_WARN_EMPTY_BODY = YES;
				CLANG_WARN_ENUM_CONVERSION = YES;
				CLANG_WARN_INFINITE_RECURSION = YES;
				CLANG_WARN_INT_CONVERSION = YES;
				CLANG_WARN_NON_LITERAL_NULL_CONVERSION = YES;
				CLANG_WARN_OBJC_IMPLICIT_RETAIN_SELF = YES;
				CLANG_WARN_OBJC_LITERAL_CONVERSION = YES;
				CLANG_WARN_OBJC_ROOT_CLASS = YES_ERROR;
				CLANG_WARN_RANGE_LOOP_ANALYSIS = YES;
				CLANG_WARN_STRICT_PROTOTYPES = YES;
				CLANG_WARN_SUSPICIOUS_MOVE = YES;
				CLANG_WARN_UNGUARDED_AVAILABILITY = YES_AGGRESSIVE;
				CLANG_WARN_UNREACHABLE_CODE = YES;
				CLANG_WARN__DUPLICATE_METHOD_MATCH = YES;
				COPY_PHASE_STRIP = NO;
				DEBUG_INFORMATION_FORMAT = dwarf;
				ENABLE_STRICT_OBJC_MSGSEND = YES;
				ENABLE_TESTABILITY = YES;
				GCC_C_LANGUAGE_STANDARD = gnu11;
				GCC_DYNAMIC_NO_PIC = NO;
				GCC_NO_COMMON_BLOCKS = YES;
				GCC_OPTIMIZATION_LEVEL = 0;
				GCC_PREPROCESSOR_DEFINITIONS = (
					"DEBUG=1",
					"$(inherited)",
				);
				GCC_WARN_64_TO_32_BIT_CONVERSION = YES;
				GCC_WARN_ABOUT_RETURN_TYPE = YES_ERROR;
				GCC_WARN_UNDECLARED_SELECTOR = YES;
				GCC_WARN_UNINITIALIZED_AUTOS = YES_AGGRESSIVE;
				GCC_WARN_UNUSED_FUNCTION = YES;
				GCC_WARN_UNUSED_VARIABLE = YES;
				IPHONEOS_DEPLOYMENT_TARGET = 13.2;
				MTL_ENABLE_DEBUG_INFO = INCLUDE_SOURCE;
				MTL_FAST_MATH = YES;
				ONLY_ACTIVE_ARCH = YES;
				SDKROOT = iphoneos;
				SWIFT_ACTIVE_COMPILATION_CONDITIONS = DEBUG;
				SWIFT_OPTIMIZATION_LEVEL = "-Onone";
			};
			name = Debug;
		};
		59CF07D823FE85A400A9C738 /* Release */ = {
			isa = XCBuildConfiguration;
			buildSettings = {
				ALWAYS_SEARCH_USER_PATHS = NO;
				CLANG_ANALYZER_NONNULL = YES;
				CLANG_ANALYZER_NUMBER_OBJECT_CONVERSION = YES_AGGRESSIVE;
				CLANG_CXX_LANGUAGE_STANDARD = "gnu++14";
				CLANG_CXX_LIBRARY = "libc++";
				CLANG_ENABLE_MODULES = YES;
				CLANG_ENABLE_OBJC_ARC = YES;
				CLANG_ENABLE_OBJC_WEAK = YES;
				CLANG_WARN_BLOCK_CAPTURE_AUTORELEASING = YES;
				CLANG_WARN_BOOL_CONVERSION = YES;
				CLANG_WARN_COMMA = YES;
				CLANG_WARN_CONSTANT_CONVERSION = YES;
				CLANG_WARN_DEPRECATED_OBJC_IMPLEMENTATIONS = YES;
				CLANG_WARN_DIRECT_OBJC_ISA_USAGE = YES_ERROR;
				CLANG_WARN_DOCUMENTATION_COMMENTS = YES;
				CLANG_WARN_EMPTY_BODY = YES;
				CLANG_WARN_ENUM_CONVERSION = YES;
				CLANG_WARN_INFINITE_RECURSION = YES;
				CLANG_WARN_INT_CONVERSION = YES;
				CLANG_WARN_NON_LITERAL_NULL_CONVERSION = YES;
				CLANG_WARN_OBJC_IMPLICIT_RETAIN_SELF = YES;
				CLANG_WARN_OBJC_LITERAL_CONVERSION = YES;
				CLANG_WARN_OBJC_ROOT_CLASS = YES_ERROR;
				CLANG_WARN_RANGE_LOOP_ANALYSIS = YES;
				CLANG_WARN_STRICT_PROTOTYPES = YES;
				CLANG_WARN_SUSPICIOUS_MOVE = YES;
				CLANG_WARN_UNGUARDED_AVAILABILITY = YES_AGGRESSIVE;
				CLANG_WARN_UNREACHABLE_CODE = YES;
				CLANG_WARN__DUPLICATE_METHOD_MATCH = YES;
				COPY_PHASE_STRIP = NO;
				DEBUG_INFORMATION_FORMAT = "dwarf-with-dsym";
				ENABLE_NS_ASSERTIONS = NO;
				ENABLE_STRICT_OBJC_MSGSEND = YES;
				GCC_C_LANGUAGE_STANDARD = gnu11;
				GCC_NO_COMMON_BLOCKS = YES;
				GCC_WARN_64_TO_32_BIT_CONVERSION = YES;
				GCC_WARN_ABOUT_RETURN_TYPE = YES_ERROR;
				GCC_WARN_UNDECLARED_SELECTOR = YES;
				GCC_WARN_UNINITIALIZED_AUTOS = YES_AGGRESSIVE;
				GCC_WARN_UNUSED_FUNCTION = YES;
				GCC_WARN_UNUSED_VARIABLE = YES;
				IPHONEOS_DEPLOYMENT_TARGET = 13.2;
				MTL_ENABLE_DEBUG_INFO = NO;
				MTL_FAST_MATH = YES;
				SDKROOT = iphoneos;
				SWIFT_COMPILATION_MODE = wholemodule;
				SWIFT_OPTIMIZATION_LEVEL = "-O";
				VALIDATE_PRODUCT = YES;
			};
			name = Release;
		};
		59CF07DA23FE85A400A9C738 /* Debug */ = {
			isa = XCBuildConfiguration;
			buildSettings = {
				ASSETCATALOG_COMPILER_APPICON_NAME = AppIcon;
				CODE_SIGN_STYLE = Automatic;
				DEVELOPMENT_TEAM = WXT8YUFTMG;
				INFOPLIST_FILE = Todo/Info.plist;
				LD_RUNPATH_SEARCH_PATHS = (
					"$(inherited)",
					"@executable_path/Frameworks",
				);
				PRODUCT_BUNDLE_IDENTIFIER = com.mhnd.Todo;
				PRODUCT_NAME = "$(TARGET_NAME)";
				SWIFT_VERSION = 5.0;
				TARGETED_DEVICE_FAMILY = "1,2";
			};
			name = Debug;
		};
		59CF07DB23FE85A400A9C738 /* Release */ = {
			isa = XCBuildConfiguration;
			buildSettings = {
				ASSETCATALOG_COMPILER_APPICON_NAME = AppIcon;
				CODE_SIGN_STYLE = Automatic;
				DEVELOPMENT_TEAM = WXT8YUFTMG;
				INFOPLIST_FILE = Todo/Info.plist;
				LD_RUNPATH_SEARCH_PATHS = (
					"$(inherited)",
					"@executable_path/Frameworks",
				);
				PRODUCT_BUNDLE_IDENTIFIER = com.mhnd.Todo;
				PRODUCT_NAME = "$(TARGET_NAME)";
				SWIFT_VERSION = 5.0;
				TARGETED_DEVICE_FAMILY = "1,2";
			};
			name = Release;
		};
		59CF07DD23FE85A400A9C738 /* Debug */ = {
			isa = XCBuildConfiguration;
			buildSettings = {
				ALWAYS_EMBED_SWIFT_STANDARD_LIBRARIES = YES;
				BUNDLE_LOADER = "$(TEST_HOST)";
				CODE_SIGN_STYLE = Automatic;
				DEVELOPMENT_TEAM = WXT8YUFTMG;
				INFOPLIST_FILE = TodoTests/Info.plist;
				IPHONEOS_DEPLOYMENT_TARGET = 13.2;
				LD_RUNPATH_SEARCH_PATHS = (
					"$(inherited)",
					"@executable_path/Frameworks",
					"@loader_path/Frameworks",
				);
				PRODUCT_BUNDLE_IDENTIFIER = com.mhnd.TodoTests;
				PRODUCT_NAME = "$(TARGET_NAME)";
				SWIFT_VERSION = 5.0;
				TARGETED_DEVICE_FAMILY = "1,2";
				TEST_HOST = "$(BUILT_PRODUCTS_DIR)/Todo.app/Todo";
			};
			name = Debug;
		};
		59CF07DE23FE85A400A9C738 /* Release */ = {
			isa = XCBuildConfiguration;
			buildSettings = {
				ALWAYS_EMBED_SWIFT_STANDARD_LIBRARIES = YES;
				BUNDLE_LOADER = "$(TEST_HOST)";
				CODE_SIGN_STYLE = Automatic;
				DEVELOPMENT_TEAM = WXT8YUFTMG;
				INFOPLIST_FILE = TodoTests/Info.plist;
				IPHONEOS_DEPLOYMENT_TARGET = 13.2;
				LD_RUNPATH_SEARCH_PATHS = (
					"$(inherited)",
					"@executable_path/Frameworks",
					"@loader_path/Frameworks",
				);
				PRODUCT_BUNDLE_IDENTIFIER = com.mhnd.TodoTests;
				PRODUCT_NAME = "$(TARGET_NAME)";
				SWIFT_VERSION = 5.0;
				TARGETED_DEVICE_FAMILY = "1,2";
				TEST_HOST = "$(BUILT_PRODUCTS_DIR)/Todo.app/Todo";
			};
			name = Release;
		};
		59CF07E023FE85A400A9C738 /* Debug */ = {
			isa = XCBuildConfiguration;
			buildSettings = {
				ALWAYS_EMBED_SWIFT_STANDARD_LIBRARIES = YES;
				CODE_SIGN_STYLE = Automatic;
				DEVELOPMENT_TEAM = WXT8YUFTMG;
				INFOPLIST_FILE = TodoUITests/Info.plist;
				LD_RUNPATH_SEARCH_PATHS = (
					"$(inherited)",
					"@executable_path/Frameworks",
					"@loader_path/Frameworks",
				);
				PRODUCT_BUNDLE_IDENTIFIER = com.mhnd.TodoUITests;
				PRODUCT_NAME = "$(TARGET_NAME)";
				SWIFT_VERSION = 5.0;
				TARGETED_DEVICE_FAMILY = "1,2";
				TEST_TARGET_NAME = Todo;
			};
			name = Debug;
		};
		59CF07E123FE85A400A9C738 /* Release */ = {
			isa = XCBuildConfiguration;
			buildSettings = {
				ALWAYS_EMBED_SWIFT_STANDARD_LIBRARIES = YES;
				CODE_SIGN_STYLE = Automatic;
				DEVELOPMENT_TEAM = WXT8YUFTMG;
				INFOPLIST_FILE = TodoUITests/Info.plist;
				LD_RUNPATH_SEARCH_PATHS = (
					"$(inherited)",
					"@executable_path/Frameworks",
					"@loader_path/Frameworks",
				);
				PRODUCT_BUNDLE_IDENTIFIER = com.mhnd.TodoUITests;
				PRODUCT_NAME = "$(TARGET_NAME)";
				SWIFT_VERSION = 5.0;
				TARGETED_DEVICE_FAMILY = "1,2";
				TEST_TARGET_NAME = Todo;
			};
			name = Release;
		};
/* End XCBuildConfiguration section */

/* Begin XCConfigurationList section */
		59CF07AA23FE85A300A9C738 /* Build configuration list for PBXProject "Todo" */ = {
			isa = XCConfigurationList;
			buildConfigurations = (
				59CF07D723FE85A400A9C738 /* Debug */,
				59CF07D823FE85A400A9C738 /* Release */,
			);
			defaultConfigurationIsVisible = 0;
			defaultConfigurationName = Release;
		};
		59CF07D923FE85A400A9C738 /* Build configuration list for PBXNativeTarget "Todo" */ = {
			isa = XCConfigurationList;
			buildConfigurations = (
				59CF07DA23FE85A400A9C738 /* Debug */,
				59CF07DB23FE85A400A9C738 /* Release */,
			);
			defaultConfigurationIsVisible = 0;
			defaultConfigurationName = Release;
		};
		59CF07DC23FE85A400A9C738 /* Build configuration list for PBXNativeTarget "TodoTests" */ = {
			isa = XCConfigurationList;
			buildConfigurations = (
				59CF07DD23FE85A400A9C738 /* Debug */,
				59CF07DE23FE85A400A9C738 /* Release */,
			);
			defaultConfigurationIsVisible = 0;
			defaultConfigurationName = Release;
		};
		59CF07DF23FE85A400A9C738 /* Build configuration list for PBXNativeTarget "TodoUITests" */ = {
			isa = XCConfigurationList;
			buildConfigurations = (
				59CF07E023FE85A400A9C738 /* Debug */,
				59CF07E123FE85A400A9C738 /* Release */,
			);
			defaultConfigurationIsVisible = 0;
			defaultConfigurationName = Release;
		};
/* End XCConfigurationList section */
	};
	rootObject = 59CF07A723FE85A300A9C738 /* Project object */;
}
