// !$*UTF8*$!
{
	archiveVersion = 1;
	classes = {
	};
	objectVersion = 51;
	objects = {

/* Begin PBXBuildFile section */
		5931272E24015A5600552104 /* UserDefaults+Extensions.swift in Sources */ = {isa = PBXBuildFile; fileRef = 5931272D24015A5600552104 /* UserDefaults+Extensions.swift */; };
		5931273024015D5A00552104 /* SystemColors.swift in Sources */ = {isa = PBXBuildFile; fileRef = 5931272F24015D5A00552104 /* SystemColors.swift */; };
		5931273224016B4800552104 /* ListTableViewController.swift in Sources */ = {isa = PBXBuildFile; fileRef = 5931273124016B4800552104 /* ListTableViewController.swift */; };
		593127342401833500552104 /* GoalSetterViewController.swift in Sources */ = {isa = PBXBuildFile; fileRef = 593127332401833500552104 /* GoalSetterViewController.swift */; };
		59877FD82403FB2C00E4A000 /* CloudKit.framework in Frameworks */ = {isa = PBXBuildFile; fileRef = 59877FD72403FB2C00E4A000 /* CloudKit.framework */; };
		59B277B224104EA3001E44D6 /* Const.swift in Sources */ = {isa = PBXBuildFile; fileRef = 59B277B124104EA3001E44D6 /* Const.swift */; };
		59B277B424104FB1001E44D6 /* CheckBox.swift in Sources */ = {isa = PBXBuildFile; fileRef = 59B277B324104FB1001E44D6 /* CheckBox.swift */; };
		59B277B624104FC7001E44D6 /* ListDataSource.swift in Sources */ = {isa = PBXBuildFile; fileRef = 59B277B524104FC7001E44D6 /* ListDataSource.swift */; };
		59B277B824104FDF001E44D6 /* List.swift in Sources */ = {isa = PBXBuildFile; fileRef = 59B277B724104FDF001E44D6 /* List.swift */; };
		59B277BA24104FF5001E44D6 /* Color + Extensions.swift in Sources */ = {isa = PBXBuildFile; fileRef = 59B277B924104FF5001E44D6 /* Color + Extensions.swift */; };
		59B277BC24105006001E44D6 /* ListSection.swift in Sources */ = {isa = PBXBuildFile; fileRef = 59B277BB24105006001E44D6 /* ListSection.swift */; };
		59C2872D2402101C00D98A03 /* GoalSetterViewController2.swift in Sources */ = {isa = PBXBuildFile; fileRef = 59C2872C2402101C00D98A03 /* GoalSetterViewController2.swift */; };
		59C2872F24026EAF00D98A03 /* CircleShadowButton.swift in Sources */ = {isa = PBXBuildFile; fileRef = 59C2872E24026EAF00D98A03 /* CircleShadowButton.swift */; };
		59C8219123FF9E320029554F /* TodoStatus.swift in Sources */ = {isa = PBXBuildFile; fileRef = 59C8219023FF9E320029554F /* TodoStatus.swift */; };
		59C8219323FF9E540029554F /* Todo.swift in Sources */ = {isa = PBXBuildFile; fileRef = 59C8219223FF9E540029554F /* Todo.swift */; };
		59C8219523FF9E630029554F /* TodoList.swift in Sources */ = {isa = PBXBuildFile; fileRef = 59C8219423FF9E630029554F /* TodoList.swift */; };
		59C8219723FF9E890029554F /* Viewcontroller+UISearchDelegate.swift in Sources */ = {isa = PBXBuildFile; fileRef = 59C8219623FF9E890029554F /* Viewcontroller+UISearchDelegate.swift */; };
		59C8219923FF9EB00029554F /* ViewController+DargDropDelegate.swift in Sources */ = {isa = PBXBuildFile; fileRef = 59C8219823FF9EB00029554F /* ViewController+DargDropDelegate.swift */; };
		59C8219B23FF9EC20029554F /* Datasource.swift in Sources */ = {isa = PBXBuildFile; fileRef = 59C8219A23FF9EC20029554F /* Datasource.swift */; };
		59C8219F23FFA0EB0029554F /* TableViewCell.swift in Sources */ = {isa = PBXBuildFile; fileRef = 59C8219E23FFA0EB0029554F /* TableViewCell.swift */; };
		59CF07B323FE85A300A9C738 /* AppDelegate.swift in Sources */ = {isa = PBXBuildFile; fileRef = 59CF07B223FE85A300A9C738 /* AppDelegate.swift */; };
		59CF07B523FE85A300A9C738 /* SceneDelegate.swift in Sources */ = {isa = PBXBuildFile; fileRef = 59CF07B423FE85A300A9C738 /* SceneDelegate.swift */; };
		59CF07B723FE85A300A9C738 /* ViewController.swift in Sources */ = {isa = PBXBuildFile; fileRef = 59CF07B623FE85A300A9C738 /* ViewController.swift */; };
		59CF07BA23FE85A300A9C738 /* Main.storyboard in Resources */ = {isa = PBXBuildFile; fileRef = 59CF07B823FE85A300A9C738 /* Main.storyboard */; };
		59CF07BC23FE85A400A9C738 /* Assets.xcassets in Resources */ = {isa = PBXBuildFile; fileRef = 59CF07BB23FE85A400A9C738 /* Assets.xcassets */; };
		59CF07BF23FE85A400A9C738 /* LaunchScreen.storyboard in Resources */ = {isa = PBXBuildFile; fileRef = 59CF07BD23FE85A400A9C738 /* LaunchScreen.storyboard */; };
		59EF8C62240493B800F7CAA7 /* GoogleService-Info.plist in Resources */ = {isa = PBXBuildFile; fileRef = 59EF8C61240493B800F7CAA7 /* GoogleService-Info.plist */; };
/* End PBXBuildFile section */

/* Begin PBXContainerItemProxy section */
		59CF07C623FE85A400A9C738 /* PBXContainerItemProxy */ = {
			isa = PBXContainerItemProxy;
			containerPortal = 59CF07A723FE85A300A9C738 /* Project object */;
			proxyType = 1;
			remoteGlobalIDString = 59CF07AE23FE85A300A9C738;
			remoteInfo = Todo;
		};
		59CF07D123FE85A400A9C738 /* PBXContainerItemProxy */ = {
			isa = PBXContainerItemProxy;
			containerPortal = 59CF07A723FE85A300A9C738 /* Project object */;
			proxyType = 1;
			remoteGlobalIDString = 59CF07AE23FE85A300A9C738;
			remoteInfo = Todo;
		};
/* End PBXContainerItemProxy section */

/* Begin PBXFileReference section */
		5931272D24015A5600552104 /* UserDefaults+Extensions.swift */ = {isa = PBXFileReference; lastKnownFileType = sourcecode.swift; path = "UserDefaults+Extensions.swift"; sourceTree = "<group>"; };
		5931272F24015D5A00552104 /* SystemColors.swift */ = {isa = PBXFileReference; lastKnownFileType = sourcecode.swift; path = SystemColors.swift; sourceTree = "<group>"; };
		5931273124016B4800552104 /* ListTableViewController.swift */ = {isa = PBXFileReference; lastKnownFileType = sourcecode.swift; path = ListTableViewController.swift; sourceTree = "<group>"; };
		593127332401833500552104 /* GoalSetterViewController.swift */ = {isa = PBXFileReference; lastKnownFileType = sourcecode.swift; path = GoalSetterViewController.swift; sourceTree = "<group>"; };
		59877FD72403FB2C00E4A000 /* CloudKit.framework */ = {isa = PBXFileReference; lastKnownFileType = wrapper.framework; name = CloudKit.framework; path = System/Library/Frameworks/CloudKit.framework; sourceTree = SDKROOT; };
		59B277B124104EA3001E44D6 /* Const.swift */ = {isa = PBXFileReference; lastKnownFileType = sourcecode.swift; path = Const.swift; sourceTree = "<group>"; };
		59B277B324104FB1001E44D6 /* CheckBox.swift */ = {isa = PBXFileReference; lastKnownFileType = sourcecode.swift; path = CheckBox.swift; sourceTree = "<group>"; };
		59B277B524104FC7001E44D6 /* ListDataSource.swift */ = {isa = PBXFileReference; lastKnownFileType = sourcecode.swift; path = ListDataSource.swift; sourceTree = "<group>"; };
		59B277B724104FDF001E44D6 /* List.swift */ = {isa = PBXFileReference; lastKnownFileType = sourcecode.swift; path = List.swift; sourceTree = "<group>"; };
		59B277B924104FF5001E44D6 /* Color + Extensions.swift */ = {isa = PBXFileReference; lastKnownFileType = sourcecode.swift; path = "Color + Extensions.swift"; sourceTree = "<group>"; };
		59B277BB24105006001E44D6 /* ListSection.swift */ = {isa = PBXFileReference; lastKnownFileType = sourcecode.swift; path = ListSection.swift; sourceTree = "<group>"; };
		59C2872C2402101C00D98A03 /* GoalSetterViewController2.swift */ = {isa = PBXFileReference; lastKnownFileType = sourcecode.swift; path = GoalSetterViewController2.swift; sourceTree = "<group>"; };
		59C2872E24026EAF00D98A03 /* CircleShadowButton.swift */ = {isa = PBXFileReference; lastKnownFileType = sourcecode.swift; name = CircleShadowButton.swift; path = View/CircleShadowButton.swift; sourceTree = "<group>"; };
		59C8219023FF9E320029554F /* TodoStatus.swift */ = {isa = PBXFileReference; lastKnownFileType = sourcecode.swift; path = TodoStatus.swift; sourceTree = "<group>"; };
		59C8219223FF9E540029554F /* Todo.swift */ = {isa = PBXFileReference; lastKnownFileType = sourcecode.swift; path = Todo.swift; sourceTree = "<group>"; };
		59C8219423FF9E630029554F /* TodoList.swift */ = {isa = PBXFileReference; lastKnownFileType = sourcecode.swift; path = TodoList.swift; sourceTree = "<group>"; };
		59C8219623FF9E890029554F /* Viewcontroller+UISearchDelegate.swift */ = {isa = PBXFileReference; lastKnownFileType = sourcecode.swift; path = "Viewcontroller+UISearchDelegate.swift"; sourceTree = "<group>"; };
		59C8219823FF9EB00029554F /* ViewController+DargDropDelegate.swift */ = {isa = PBXFileReference; lastKnownFileType = sourcecode.swift; path = "ViewController+DargDropDelegate.swift"; sourceTree = "<group>"; };
		59C8219A23FF9EC20029554F /* Datasource.swift */ = {isa = PBXFileReference; lastKnownFileType = sourcecode.swift; path = Datasource.swift; sourceTree = "<group>"; };
		59C8219E23FFA0EB0029554F /* TableViewCell.swift */ = {isa = PBXFileReference; lastKnownFileType = sourcecode.swift; path = TableViewCell.swift; sourceTree = "<group>"; };
		59CF07AF23FE85A300A9C738 /* Todo.app */ = {isa = PBXFileReference; explicitFileType = wrapper.application; includeInIndex = 0; path = Todo.app; sourceTree = BUILT_PRODUCTS_DIR; };
		59CF07B223FE85A300A9C738 /* AppDelegate.swift */ = {isa = PBXFileReference; lastKnownFileType = sourcecode.swift; path = AppDelegate.swift; sourceTree = "<group>"; };
		59CF07B423FE85A300A9C738 /* SceneDelegate.swift */ = {isa = PBXFileReference; lastKnownFileType = sourcecode.swift; path = SceneDelegate.swift; sourceTree = "<group>"; };
		59CF07B623FE85A300A9C738 /* ViewController.swift */ = {isa = PBXFileReference; lastKnownFileType = sourcecode.swift; path = ViewController.swift; sourceTree = "<group>"; };
		59CF07B923FE85A300A9C738 /* Base */ = {isa = PBXFileReference; lastKnownFileType = file.storyboard; name = Base; path = Base.lproj/Main.storyboard; sourceTree = "<group>"; };
		59CF07BB23FE85A400A9C738 /* Assets.xcassets */ = {isa = PBXFileReference; lastKnownFileType = folder.assetcatalog; path = Assets.xcassets; sourceTree = "<group>"; };
		59CF07BE23FE85A400A9C738 /* Base */ = {isa = PBXFileReference; lastKnownFileType = file.storyboard; name = Base; path = Base.lproj/LaunchScreen.storyboard; sourceTree = "<group>"; };
		59CF07C023FE85A400A9C738 /* Info.plist */ = {isa = PBXFileReference; lastKnownFileType = text.plist.xml; path = Info.plist; sourceTree = "<group>"; };
		59CF07C523FE85A400A9C738 /* TodoTests.xctest */ = {isa = PBXFileReference; explicitFileType = wrapper.cfbundle; includeInIndex = 0; path = TodoTests.xctest; sourceTree = BUILT_PRODUCTS_DIR; };
		59CF07D023FE85A400A9C738 /* TodoUITests.xctest */ = {isa = PBXFileReference; explicitFileType = wrapper.cfbundle; includeInIndex = 0; path = TodoUITests.xctest; sourceTree = BUILT_PRODUCTS_DIR; };
		59EF8C61240493B800F7CAA7 /* GoogleService-Info.plist */ = {isa = PBXFileReference; fileEncoding = 4; lastKnownFileType = text.plist.xml; path = "GoogleService-Info.plist"; sourceTree = "<group>"; };
/* End PBXFileReference section */

/* Begin PBXFrameworksBuildPhase section */
		59CF07AC23FE85A300A9C738 /* Frameworks */ = {
			isa = PBXFrameworksBuildPhase;
			buildActionMask = 2147483647;
			files = (
				59877FD82403FB2C00E4A000 /* CloudKit.framework in Frameworks */,
			);
			runOnlyForDeploymentPostprocessing = 0;
		};
		59CF07C223FE85A400A9C738 /* Frameworks */ = {
			isa = PBXFrameworksBuildPhase;
			buildActionMask = 2147483647;
			files = (
			);
			runOnlyForDeploymentPostprocessing = 0;
		};
		59CF07CD23FE85A400A9C738 /* Frameworks */ = {
			isa = PBXFrameworksBuildPhase;
			buildActionMask = 2147483647;
			files = (
			);
			runOnlyForDeploymentPostprocessing = 0;
		};
/* End PBXFrameworksBuildPhase section */

/* Begin PBXGroup section */
		59877FD62403FB2C00E4A000 /* Frameworks */ = {
			isa = PBXGroup;
			children = (
				59877FD72403FB2C00E4A000 /* CloudKit.framework */,
			);
			name = Frameworks;
			sourceTree = "<group>";
		};
		59B277BD241052F9001E44D6 /* Views */ = {
			isa = PBXGroup;
			children = (
				59B277B324104FB1001E44D6 /* CheckBox.swift */,
				59C8219E23FFA0EB0029554F /* TableViewCell.swift */,
			);
			path = Views;
			sourceTree = "<group>";
		};
		59B277BE24105326001E44D6 /* Util */ = {
			isa = PBXGroup;
			children = (
				59B277B124104EA3001E44D6 /* Const.swift */,
				59B277B924104FF5001E44D6 /* Color + Extensions.swift */,
				59B277BB24105006001E44D6 /* ListSection.swift */,
				5931272F24015D5A00552104 /* SystemColors.swift */,
				59C8219023FF9E320029554F /* TodoStatus.swift */,
				5931272D24015A5600552104 /* UserDefaults+Extensions.swift */,
			);
			path = Util;
			sourceTree = "<group>";
		};
		59C8219C23FFA06D0029554F /* VC */ = {
			isa = PBXGroup;
			children = (
				59CF07B623FE85A300A9C738 /* ViewController.swift */,
				593127332401833500552104 /* GoalSetterViewController.swift */,
				59C2872C2402101C00D98A03 /* GoalSetterViewController2.swift */,
				5931273124016B4800552104 /* ListTableViewController.swift */,
				59C8219623FF9E890029554F /* Viewcontroller+UISearchDelegate.swift */,
				59C8219823FF9EB00029554F /* ViewController+DargDropDelegate.swift */,
			);
			path = VC;
			sourceTree = "<group>";
		};
		59C8219D23FFA07B0029554F /* Model */ = {
			isa = PBXGroup;
			children = (
				59B277B724104FDF001E44D6 /* List.swift */,
				59C8219A23FF9EC20029554F /* Datasource.swift */,
				59B277B524104FC7001E44D6 /* ListDataSource.swift */,
				59C8219223FF9E540029554F /* Todo.swift */,
				59C8219423FF9E630029554F /* TodoList.swift */,
			);
			path = Model;
			sourceTree = "<group>";
		};
		59CF07A623FE85A300A9C738 = {
			isa = PBXGroup;
			children = (
				59CF07B123FE85A300A9C738 /* Todo */,
				59CF07B023FE85A300A9C738 /* Products */,
				59877FD62403FB2C00E4A000 /* Frameworks */,
			);
			sourceTree = "<group>";
		};
		59CF07B023FE85A300A9C738 /* Products */ = {
			isa = PBXGroup;
			children = (
				59CF07AF23FE85A300A9C738 /* Todo.app */,
				59CF07C523FE85A400A9C738 /* TodoTests.xctest */,
				59CF07D023FE85A400A9C738 /* TodoUITests.xctest */,
			);
			name = Products;
			sourceTree = "<group>";
		};
		59CF07B123FE85A300A9C738 /* Todo */ = {
			isa = PBXGroup;
			children = (
				59B277BE24105326001E44D6 /* Util */,
				59B277BD241052F9001E44D6 /* Views */,
				59C8219C23FFA06D0029554F /* VC */,
				59C8219D23FFA07B0029554F /* Model */,
				59CF07B223FE85A300A9C738 /* AppDelegate.swift */,
				59CF07B423FE85A300A9C738 /* SceneDelegate.swift */,
				59CF07B823FE85A300A9C738 /* Main.storyboard */,
				59CF07BB23FE85A400A9C738 /* Assets.xcassets */,
				59CF07BD23FE85A400A9C738 /* LaunchScreen.storyboard */,
				59EF8C61240493B800F7CAA7 /* GoogleService-Info.plist */,
				59CF07C023FE85A400A9C738 /* Info.plist */,
				59C2872E24026EAF00D98A03 /* CircleShadowButton.swift */,
			);
			path = Todo;
			sourceTree = "<group>";
		};
/* End PBXGroup section */

/* Begin PBXNativeTarget section */
		59CF07AE23FE85A300A9C738 /* Todo */ = {
			isa = PBXNativeTarget;
			buildConfigurationList = 59CF07D923FE85A400A9C738 /* Build configuration list for PBXNativeTarget "Todo" */;
			buildPhases = (
				59CF07AB23FE85A300A9C738 /* Sources */,
				59CF07AC23FE85A300A9C738 /* Frameworks */,
				59CF07AD23FE85A300A9C738 /* Resources */,
			);
			buildRules = (
			);
			dependencies = (
			);
			name = Todo;
			productName = Todo;
			productReference = 59CF07AF23FE85A300A9C738 /* Todo.app */;
			productType = "com.apple.product-type.application";
		};
		59CF07C423FE85A400A9C738 /* TodoTests */ = {
			isa = PBXNativeTarget;
			buildConfigurationList = 59CF07DC23FE85A400A9C738 /* Build configuration list for PBXNativeTarget "TodoTests" */;
			buildPhases = (
				5607DBF1B9BE7D778DC3833F /* [CP] Check Pods Manifest.lock */,
				59CF07C123FE85A400A9C738 /* Sources */,
				59CF07C223FE85A400A9C738 /* Frameworks */,
				59CF07C323FE85A400A9C738 /* Resources */,
			);
			buildRules = (
			);
			dependencies = (
				59CF07C723FE85A400A9C738 /* PBXTargetDependency */,
			);
			name = TodoTests;
			productName = TodoTests;
			productReference = 59CF07C523FE85A400A9C738 /* TodoTests.xctest */;
			productType = "com.apple.product-type.bundle.unit-test";
		};
		59CF07CF23FE85A400A9C738 /* TodoUITests */ = {
			isa = PBXNativeTarget;
			buildConfigurationList = 59CF07DF23FE85A400A9C738 /* Build configuration list for PBXNativeTarget "TodoUITests" */;
			buildPhases = (
				431586EC92CEB7B33DA3186F /* [CP] Check Pods Manifest.lock */,
				59CF07CC23FE85A400A9C738 /* Sources */,
				59CF07CD23FE85A400A9C738 /* Frameworks */,
				59CF07CE23FE85A400A9C738 /* Resources */,
				EF0CCA5594BD33FF493CAC22 /* [CP] Embed Pods Frameworks */,
			);
			buildRules = (
			);
			dependencies = (
				59CF07D223FE85A400A9C738 /* PBXTargetDependency */,
			);
			name = TodoUITests;
			productName = TodoUITests;
			productReference = 59CF07D023FE85A400A9C738 /* TodoUITests.xctest */;
			productType = "com.apple.product-type.bundle.ui-testing";
		};
/* End PBXNativeTarget section */

/* Begin PBXProject section */
		59CF07A723FE85A300A9C738 /* Project object */ = {
			isa = PBXProject;
			attributes = {
				LastSwiftUpdateCheck = 1120;
				LastUpgradeCheck = 1120;
				ORGANIZATIONNAME = "Muhannad Alnemer";
				TargetAttributes = {
					59CF07AE23FE85A300A9C738 = {
						CreatedOnToolsVersion = 11.2.1;
					};
					59CF07C423FE85A400A9C738 = {
						CreatedOnToolsVersion = 11.2.1;
						TestTargetID = 59CF07AE23FE85A300A9C738;
					};
					59CF07CF23FE85A400A9C738 = {
						CreatedOnToolsVersion = 11.2.1;
						TestTargetID = 59CF07AE23FE85A300A9C738;
					};
				};
			};
			buildConfigurationList = 59CF07AA23FE85A300A9C738 /* Build configuration list for PBXProject "Todo" */;
			compatibilityVersion = "Xcode 9.3";
			developmentRegion = en;
			hasScannedForEncodings = 0;
			knownRegions = (
				en,
				Base,
			);
			mainGroup = 59CF07A623FE85A300A9C738;
			productRefGroup = 59CF07B023FE85A300A9C738 /* Products */;
			projectDirPath = "";
			projectRoot = "";
			targets = (
				59CF07AE23FE85A300A9C738 /* Todo */,
				59CF07C423FE85A400A9C738 /* TodoTests */,
				59CF07CF23FE85A400A9C738 /* TodoUITests */,
			);
		};
/* End PBXProject section */

/* Begin PBXResourcesBuildPhase section */
		59CF07AD23FE85A300A9C738 /* Resources */ = {
			isa = PBXResourcesBuildPhase;
			buildActionMask = 2147483647;
			files = (
				59CF07BF23FE85A400A9C738 /* LaunchScreen.storyboard in Resources */,
				59CF07BC23FE85A400A9C738 /* Assets.xcassets in Resources */,
				59CF07BA23FE85A300A9C738 /* Main.storyboard in Resources */,
				59EF8C62240493B800F7CAA7 /* GoogleService-Info.plist in Resources */,
			);
			runOnlyForDeploymentPostprocessing = 0;
		};
		59CF07C323FE85A400A9C738 /* Resources */ = {
			isa = PBXResourcesBuildPhase;
			buildActionMask = 2147483647;
			files = (
			);
			runOnlyForDeploymentPostprocessing = 0;
		};
		59CF07CE23FE85A400A9C738 /* Resources */ = {
			isa = PBXResourcesBuildPhase;
			buildActionMask = 2147483647;
			files = (
			);
			runOnlyForDeploymentPostprocessing = 0;
		};
/* End PBXResourcesBuildPhase section */

/* Begin PBXShellScriptBuildPhase section */
		431586EC92CEB7B33DA3186F /* [CP] Check Pods Manifest.lock */ = {
			isa = PBXShellScriptBuildPhase;
			buildActionMask = 2147483647;
			files = (
			);
			inputFileListPaths = (
			);
			inputPaths = (
				"${PODS_PODFILE_DIR_PATH}/Podfile.lock",
				"${PODS_ROOT}/Manifest.lock",
			);
			name = "[CP] Check Pods Manifest.lock";
			outputFileListPaths = (
			);
			outputPaths = (
				"$(DERIVED_FILE_DIR)/Pods-Todo-TodoUITests-checkManifestLockResult.txt",
			);
			runOnlyForDeploymentPostprocessing = 0;
			shellPath = /bin/sh;
			shellScript = "diff \"${PODS_PODFILE_DIR_PATH}/Podfile.lock\" \"${PODS_ROOT}/Manifest.lock\" > /dev/null\nif [ $? != 0 ] ; then\n    # print error to STDERR\n    echo \"error: The sandbox is not in sync with the Podfile.lock. Run 'pod install' or update your CocoaPods installation.\" >&2\n    exit 1\nfi\n# This output is used by Xcode 'outputs' to avoid re-running this script phase.\necho \"SUCCESS\" > \"${SCRIPT_OUTPUT_FILE_0}\"\n";
			showEnvVarsInLog = 0;
		};
		5607DBF1B9BE7D778DC3833F /* [CP] Check Pods Manifest.lock */ = {
			isa = PBXShellScriptBuildPhase;
			buildActionMask = 2147483647;
			files = (
			);
			inputFileListPaths = (
			);
			inputPaths = (
				"${PODS_PODFILE_DIR_PATH}/Podfile.lock",
				"${PODS_ROOT}/Manifest.lock",
			);
			name = "[CP] Check Pods Manifest.lock";
			outputFileListPaths = (
			);
			outputPaths = (
				"$(DERIVED_FILE_DIR)/Pods-TodoTests-checkManifestLockResult.txt",
			);
			runOnlyForDeploymentPostprocessing = 0;
			shellPath = /bin/sh;
			shellScript = "diff \"${PODS_PODFILE_DIR_PATH}/Podfile.lock\" \"${PODS_ROOT}/Manifest.lock\" > /dev/null\nif [ $? != 0 ] ; then\n    # print error to STDERR\n    echo \"error: The sandbox is not in sync with the Podfile.lock. Run 'pod install' or update your CocoaPods installation.\" >&2\n    exit 1\nfi\n# This output is used by Xcode 'outputs' to avoid re-running this script phase.\necho \"SUCCESS\" > \"${SCRIPT_OUTPUT_FILE_0}\"\n";
			showEnvVarsInLog = 0;
		};
		EF0CCA5594BD33FF493CAC22 /* [CP] Embed Pods Frameworks */ = {
			isa = PBXShellScriptBuildPhase;
			buildActionMask = 2147483647;
			files = (
			);
			inputFileListPaths = (
				"${PODS_ROOT}/Target Support Files/Pods-Todo-TodoUITests/Pods-Todo-TodoUITests-frameworks-${CONFIGURATION}-input-files.xcfilelist",
			);
			name = "[CP] Embed Pods Frameworks";
			outputFileListPaths = (
				"${PODS_ROOT}/Target Support Files/Pods-Todo-TodoUITests/Pods-Todo-TodoUITests-frameworks-${CONFIGURATION}-output-files.xcfilelist",
			);
			runOnlyForDeploymentPostprocessing = 0;
			shellPath = /bin/sh;
			shellScript = "\"${PODS_ROOT}/Target Support Files/Pods-Todo-TodoUITests/Pods-Todo-TodoUITests-frameworks.sh\"\n";
			showEnvVarsInLog = 0;
		};
/* End PBXShellScriptBuildPhase section */

/* Begin PBXSourcesBuildPhase section */
		59CF07AB23FE85A300A9C738 /* Sources */ = {
			isa = PBXSourcesBuildPhase;
			buildActionMask = 2147483647;
			files = (
				5931273024015D5A00552104 /* SystemColors.swift in Sources */,
				59C8219923FF9EB00029554F /* ViewController+DargDropDelegate.swift in Sources */,
				59B277B424104FB1001E44D6 /* CheckBox.swift in Sources */,
				59CF07B723FE85A300A9C738 /* ViewController.swift in Sources */,
				59C8219123FF9E320029554F /* TodoStatus.swift in Sources */,
				59C8219B23FF9EC20029554F /* Datasource.swift in Sources */,
				5931273224016B4800552104 /* ListTableViewController.swift in Sources */,
				593127342401833500552104 /* GoalSetterViewController.swift in Sources */,
				59C2872F24026EAF00D98A03 /* CircleShadowButton.swift in Sources */,
				59B277BC24105006001E44D6 /* ListSection.swift in Sources */,
				59CF07B323FE85A300A9C738 /* AppDelegate.swift in Sources */,
				59C8219F23FFA0EB0029554F /* TableViewCell.swift in Sources */,
				59C8219723FF9E890029554F /* Viewcontroller+UISearchDelegate.swift in Sources */,
				59C8219523FF9E630029554F /* TodoList.swift in Sources */,
				59B277B824104FDF001E44D6 /* List.swift in Sources */,
				59B277B624104FC7001E44D6 /* ListDataSource.swift in Sources */,
				59B277BA24104FF5001E44D6 /* Color + Extensions.swift in Sources */,
				5931272E24015A5600552104 /* UserDefaults+Extensions.swift in Sources */,
				59B277B224104EA3001E44D6 /* Const.swift in Sources */,
				59C2872D2402101C00D98A03 /* GoalSetterViewController2.swift in Sources */,
				59CF07B523FE85A300A9C738 /* SceneDelegate.swift in Sources */,
				59C8219323FF9E540029554F /* Todo.swift in Sources */,
			);
			runOnlyForDeploymentPostprocessing = 0;
		};
		59CF07C123FE85A400A9C738 /* Sources */ = {
			isa = PBXSourcesBuildPhase;
			buildActionMask = 2147483647;
			files = (
			);
			runOnlyForDeploymentPostprocessing = 0;
		};
		59CF07CC23FE85A400A9C738 /* Sources */ = {
			isa = PBXSourcesBuildPhase;
			buildActionMask = 2147483647;
			files = (
			);
			runOnlyForDeploymentPostprocessing = 0;
		};
/* End PBXSourcesBuildPhase section */

/* Begin PBXTargetDependency section */
		59CF07C723FE85A400A9C738 /* PBXTargetDependency */ = {
			isa = PBXTargetDependency;
			target = 59CF07AE23FE85A300A9C738 /* Todo */;
			targetProxy = 59CF07C623FE85A400A9C738 /* PBXContainerItemProxy */;
		};
		59CF07D223FE85A400A9C738 /* PBXTargetDependency */ = {
			isa = PBXTargetDependency;
			target = 59CF07AE23FE85A300A9C738 /* Todo */;
			targetProxy = 59CF07D123FE85A400A9C738 /* PBXContainerItemProxy */;
		};
/* End PBXTargetDependency section */

/* Begin PBXVariantGroup section */
		59CF07B823FE85A300A9C738 /* Main.storyboard */ = {
			isa = PBXVariantGroup;
			children = (
				59CF07B923FE85A300A9C738 /* Base */,
			);
			name = Main.storyboard;
			sourceTree = "<group>";
		};
		59CF07BD23FE85A400A9C738 /* LaunchScreen.storyboard */ = {
			isa = PBXVariantGroup;
			children = (
				59CF07BE23FE85A400A9C738 /* Base */,
			);
			name = LaunchScreen.storyboard;
			sourceTree = "<group>";
		};
/* End PBXVariantGroup section */

/* Begin XCBuildConfiguration section */
		59CF07D723FE85A400A9C738 /* Debug */ = {
			isa = XCBuildConfiguration;
			buildSettings = {
				ALWAYS_SEARCH_USER_PATHS = NO;
				CLANG_ANALYZER_LOCALIZABILITY_NONLOCALIZED = YES;
				CLANG_ANALYZER_NONNULL = YES;
				CLANG_ANALYZER_NUMBER_OBJECT_CONVERSION = YES_AGGRESSIVE;
				CLANG_CXX_LANGUAGE_STANDARD = "gnu++14";
				CLANG_CXX_LIBRARY = "libc++";
				CLANG_ENABLE_MODULES = YES;
				CLANG_ENABLE_OBJC_ARC = YES;
				CLANG_ENABLE_OBJC_WEAK = YES;
				CLANG_WARN_BLOCK_CAPTURE_AUTORELEASING = YES;
				CLANG_WARN_BOOL_CONVERSION = YES;
				CLANG_WARN_COMMA = YES;
				CLANG_WARN_CONSTANT_CONVERSION = YES;
				CLANG_WARN_DEPRECATED_OBJC_IMPLEMENTATIONS = YES;
				CLANG_WARN_DIRECT_OBJC_ISA_USAGE = YES_ERROR;
				CLANG_WARN_DOCUMENTATION_COMMENTS = YES;
				CLANG_WARN_EMPTY_BODY = YES;
				CLANG_WARN_ENUM_CONVERSION = YES;
				CLANG_WARN_INFINITE_RECURSION = YES;
				CLANG_WARN_INT_CONVERSION = YES;
				CLANG_WARN_NON_LITERAL_NULL_CONVERSION = YES;
				CLANG_WARN_OBJC_IMPLICIT_RETAIN_SELF = YES;
				CLANG_WARN_OBJC_LITERAL_CONVERSION = YES;
				CLANG_WARN_OBJC_ROOT_CLASS = YES_ERROR;
				CLANG_WARN_RANGE_LOOP_ANALYSIS = YES;
				CLANG_WARN_STRICT_PROTOTYPES = YES;
				CLANG_WARN_SUSPICIOUS_MOVE = YES;
				CLANG_WARN_UNGUARDED_AVAILABILITY = YES_AGGRESSIVE;
				CLANG_WARN_UNREACHABLE_CODE = YES;
				CLANG_WARN__DUPLICATE_METHOD_MATCH = YES;
				COPY_PHASE_STRIP = NO;
				DEBUG_INFORMATION_FORMAT = dwarf;
				ENABLE_STRICT_OBJC_MSGSEND = YES;
				ENABLE_TESTABILITY = YES;
				GCC_C_LANGUAGE_STANDARD = gnu11;
				GCC_DYNAMIC_NO_PIC = NO;
				GCC_NO_COMMON_BLOCKS = YES;
				GCC_OPTIMIZATION_LEVEL = 0;
				GCC_PREPROCESSOR_DEFINITIONS = (
					"DEBUG=1",
					"$(inherited)",
				);
				GCC_WARN_64_TO_32_BIT_CONVERSION = YES;
				GCC_WARN_ABOUT_RETURN_TYPE = YES_ERROR;
				GCC_WARN_UNDECLARED_SELECTOR = YES;
				GCC_WARN_UNINITIALIZED_AUTOS = YES_AGGRESSIVE;
				GCC_WARN_UNUSED_FUNCTION = YES;
				GCC_WARN_UNUSED_VARIABLE = YES;
				IPHONEOS_DEPLOYMENT_TARGET = 13.0;
				MTL_ENABLE_DEBUG_INFO = INCLUDE_SOURCE;
				MTL_FAST_MATH = YES;
				ONLY_ACTIVE_ARCH = YES;
				SDKROOT = iphoneos;
				SWIFT_ACTIVE_COMPILATION_CONDITIONS = DEBUG;
				SWIFT_OPTIMIZATION_LEVEL = "-Onone";
			};
			name = Debug;
		};
		59CF07D823FE85A400A9C738 /* Release */ = {
			isa = XCBuildConfiguration;
			buildSettings = {
				ALWAYS_SEARCH_USER_PATHS = NO;
				CLANG_ANALYZER_LOCALIZABILITY_NONLOCALIZED = YES;
				CLANG_ANALYZER_NONNULL = YES;
				CLANG_ANALYZER_NUMBER_OBJECT_CONVERSION = YES_AGGRESSIVE;
				CLANG_CXX_LANGUAGE_STANDARD = "gnu++14";
				CLANG_CXX_LIBRARY = "libc++";
				CLANG_ENABLE_MODULES = YES;
				CLANG_ENABLE_OBJC_ARC = YES;
				CLANG_ENABLE_OBJC_WEAK = YES;
				CLANG_WARN_BLOCK_CAPTURE_AUTORELEASING = YES;
				CLANG_WARN_BOOL_CONVERSION = YES;
				CLANG_WARN_COMMA = YES;
				CLANG_WARN_CONSTANT_CONVERSION = YES;
				CLANG_WARN_DEPRECATED_OBJC_IMPLEMENTATIONS = YES;
				CLANG_WARN_DIRECT_OBJC_ISA_USAGE = YES_ERROR;
				CLANG_WARN_DOCUMENTATION_COMMENTS = YES;
				CLANG_WARN_EMPTY_BODY = YES;
				CLANG_WARN_ENUM_CONVERSION = YES;
				CLANG_WARN_INFINITE_RECURSION = YES;
				CLANG_WARN_INT_CONVERSION = YES;
				CLANG_WARN_NON_LITERAL_NULL_CONVERSION = YES;
				CLANG_WARN_OBJC_IMPLICIT_RETAIN_SELF = YES;
				CLANG_WARN_OBJC_LITERAL_CONVERSION = YES;
				CLANG_WARN_OBJC_ROOT_CLASS = YES_ERROR;
				CLANG_WARN_RANGE_LOOP_ANALYSIS = YES;
				CLANG_WARN_STRICT_PROTOTYPES = YES;
				CLANG_WARN_SUSPICIOUS_MOVE = YES;
				CLANG_WARN_UNGUARDED_AVAILABILITY = YES_AGGRESSIVE;
				CLANG_WARN_UNREACHABLE_CODE = YES;
				CLANG_WARN__DUPLICATE_METHOD_MATCH = YES;
				COPY_PHASE_STRIP = NO;
				DEBUG_INFORMATION_FORMAT = "dwarf-with-dsym";
				ENABLE_NS_ASSERTIONS = NO;
				ENABLE_STRICT_OBJC_MSGSEND = YES;
				GCC_C_LANGUAGE_STANDARD = gnu11;
				GCC_NO_COMMON_BLOCKS = YES;
				GCC_WARN_64_TO_32_BIT_CONVERSION = YES;
				GCC_WARN_ABOUT_RETURN_TYPE = YES_ERROR;
				GCC_WARN_UNDECLARED_SELECTOR = YES;
				GCC_WARN_UNINITIALIZED_AUTOS = YES_AGGRESSIVE;
				GCC_WARN_UNUSED_FUNCTION = YES;
				GCC_WARN_UNUSED_VARIABLE = YES;
				IPHONEOS_DEPLOYMENT_TARGET = 13.0;
				MTL_ENABLE_DEBUG_INFO = NO;
				MTL_FAST_MATH = YES;
				SDKROOT = iphoneos;
				SWIFT_COMPILATION_MODE = wholemodule;
				SWIFT_OPTIMIZATION_LEVEL = "-O";
				VALIDATE_PRODUCT = YES;
			};
			name = Release;
		};
		59CF07DA23FE85A400A9C738 /* Debug */ = {
			isa = XCBuildConfiguration;
			buildSettings = {
				ASSETCATALOG_COMPILER_APPICON_NAME = AppIcon;
				CODE_SIGN_ENTITLEMENTS = Todo/Todo.entitlements;
				CODE_SIGN_STYLE = Automatic;
				DEVELOPMENT_TEAM = WXT8YUFTMG;
				INFOPLIST_FILE = Todo/Info.plist;
				LD_RUNPATH_SEARCH_PATHS = (
					"$(inherited)",
					"@executable_path/Frameworks",
				);
				MARKETING_VERSION = 0.1;
				PRODUCT_BUNDLE_IDENTIFIER = com.mhnd.Todo;
				PRODUCT_NAME = "$(TARGET_NAME)";
				SUPPORTS_MACCATALYST = NO;
				SWIFT_VERSION = 5.0;
				TARGETED_DEVICE_FAMILY = "1,2";
			};
			name = Debug;
		};
		59CF07DB23FE85A400A9C738 /* Release */ = {
			isa = XCBuildConfiguration;
			buildSettings = {
				ASSETCATALOG_COMPILER_APPICON_NAME = AppIcon;
				CODE_SIGN_ENTITLEMENTS = Todo/Todo.entitlements;
				CODE_SIGN_STYLE = Automatic;
				DEVELOPMENT_TEAM = WXT8YUFTMG;
				INFOPLIST_FILE = Todo/Info.plist;
				LD_RUNPATH_SEARCH_PATHS = (
					"$(inherited)",
					"@executable_path/Frameworks",
				);
				MARKETING_VERSION = 0.1;
				PRODUCT_BUNDLE_IDENTIFIER = com.mhnd.Todo;
				PRODUCT_NAME = "$(TARGET_NAME)";
				SUPPORTS_MACCATALYST = NO;
				SWIFT_VERSION = 5.0;
				TARGETED_DEVICE_FAMILY = "1,2";
			};
			name = Release;
		};
		59CF07DD23FE85A400A9C738 /* Debug */ = {
			isa = XCBuildConfiguration;
			buildSettings = {
				ALWAYS_EMBED_SWIFT_STANDARD_LIBRARIES = YES;
				BUNDLE_LOADER = "$(TEST_HOST)";
				CODE_SIGN_STYLE = Automatic;
				DEVELOPMENT_TEAM = WXT8YUFTMG;
				INFOPLIST_FILE = TodoTests/Info.plist;
				IPHONEOS_DEPLOYMENT_TARGET = 13.2;
				LD_RUNPATH_SEARCH_PATHS = (
					"$(inherited)",
					"@executable_path/Frameworks",
					"@loader_path/Frameworks",
				);
				PRODUCT_BUNDLE_IDENTIFIER = com.mhnd.TodoTests;
				PRODUCT_NAME = "$(TARGET_NAME)";
				SWIFT_VERSION = 5.0;
				TARGETED_DEVICE_FAMILY = "1,2";
				TEST_HOST = "$(BUILT_PRODUCTS_DIR)/Todo.app/Todo";
			};
			name = Debug;
		};
		59CF07DE23FE85A400A9C738 /* Release */ = {
			isa = XCBuildConfiguration;
			buildSettings = {
				ALWAYS_EMBED_SWIFT_STANDARD_LIBRARIES = YES;
				BUNDLE_LOADER = "$(TEST_HOST)";
				CODE_SIGN_STYLE = Automatic;
				DEVELOPMENT_TEAM = WXT8YUFTMG;
				INFOPLIST_FILE = TodoTests/Info.plist;
				IPHONEOS_DEPLOYMENT_TARGET = 13.2;
				LD_RUNPATH_SEARCH_PATHS = (
					"$(inherited)",
					"@executable_path/Frameworks",
					"@loader_path/Frameworks",
				);
				PRODUCT_BUNDLE_IDENTIFIER = com.mhnd.TodoTests;
				PRODUCT_NAME = "$(TARGET_NAME)";
				SWIFT_VERSION = 5.0;
				TARGETED_DEVICE_FAMILY = "1,2";
				TEST_HOST = "$(BUILT_PRODUCTS_DIR)/Todo.app/Todo";
			};
			name = Release;
		};
		59CF07E023FE85A400A9C738 /* Debug */ = {
			isa = XCBuildConfiguration;
			buildSettings = {
				ALWAYS_EMBED_SWIFT_STANDARD_LIBRARIES = YES;
				CODE_SIGN_STYLE = Automatic;
				DEVELOPMENT_TEAM = WXT8YUFTMG;
				INFOPLIST_FILE = TodoUITests/Info.plist;
				LD_RUNPATH_SEARCH_PATHS = (
					"$(inherited)",
					"@executable_path/Frameworks",
					"@loader_path/Frameworks",
				);
				PRODUCT_BUNDLE_IDENTIFIER = com.mhnd.TodoUITests;
				PRODUCT_NAME = "$(TARGET_NAME)";
				SWIFT_VERSION = 5.0;
				TARGETED_DEVICE_FAMILY = "1,2";
				TEST_TARGET_NAME = Todo;
			};
			name = Debug;
		};
		59CF07E123FE85A400A9C738 /* Release */ = {
			isa = XCBuildConfiguration;
			buildSettings = {
				ALWAYS_EMBED_SWIFT_STANDARD_LIBRARIES = YES;
				CODE_SIGN_STYLE = Automatic;
				DEVELOPMENT_TEAM = WXT8YUFTMG;
				INFOPLIST_FILE = TodoUITests/Info.plist;
				LD_RUNPATH_SEARCH_PATHS = (
					"$(inherited)",
					"@executable_path/Frameworks",
					"@loader_path/Frameworks",
				);
				PRODUCT_BUNDLE_IDENTIFIER = com.mhnd.TodoUITests;
				PRODUCT_NAME = "$(TARGET_NAME)";
				SWIFT_VERSION = 5.0;
				TARGETED_DEVICE_FAMILY = "1,2";
				TEST_TARGET_NAME = Todo;
			};
			name = Release;
		};
/* End XCBuildConfiguration section */

/* Begin XCConfigurationList section */
		59CF07AA23FE85A300A9C738 /* Build configuration list for PBXProject "Todo" */ = {
			isa = XCConfigurationList;
			buildConfigurations = (
				59CF07D723FE85A400A9C738 /* Debug */,
				59CF07D823FE85A400A9C738 /* Release */,
			);
			defaultConfigurationIsVisible = 0;
			defaultConfigurationName = Release;
		};
		59CF07D923FE85A400A9C738 /* Build configuration list for PBXNativeTarget "Todo" */ = {
			isa = XCConfigurationList;
			buildConfigurations = (
				59CF07DA23FE85A400A9C738 /* Debug */,
				59CF07DB23FE85A400A9C738 /* Release */,
			);
			defaultConfigurationIsVisible = 0;
			defaultConfigurationName = Release;
		};
		59CF07DC23FE85A400A9C738 /* Build configuration list for PBXNativeTarget "TodoTests" */ = {
			isa = XCConfigurationList;
			buildConfigurations = (
				59CF07DD23FE85A400A9C738 /* Debug */,
				59CF07DE23FE85A400A9C738 /* Release */,
			);
			defaultConfigurationIsVisible = 0;
			defaultConfigurationName = Release;
		};
		59CF07DF23FE85A400A9C738 /* Build configuration list for PBXNativeTarget "TodoUITests" */ = {
			isa = XCConfigurationList;
			buildConfigurations = (
				59CF07E023FE85A400A9C738 /* Debug */,
				59CF07E123FE85A400A9C738 /* Release */,
			);
			defaultConfigurationIsVisible = 0;
			defaultConfigurationName = Release;
		};
/* End XCConfigurationList section */
	};
	rootObject = 59CF07A723FE85A300A9C738 /* Project object */;
}
